// !$*UTF8*$!
{
	archiveVersion = 1;
	classes = {
	};
	objectVersion = 46;
	objects = {

/* Begin PBXBuildFile section */
		762170421EB6821300ADB8B4 /* AppDelegate.swift in Sources */ = {isa = PBXBuildFile; fileRef = 762170411EB6821300ADB8B4 /* AppDelegate.swift */; };
		762170441EB6821300ADB8B4 /* ViewController.swift in Sources */ = {isa = PBXBuildFile; fileRef = 762170431EB6821300ADB8B4 /* ViewController.swift */; };
		762170471EB6821300ADB8B4 /* Main.storyboard in Resources */ = {isa = PBXBuildFile; fileRef = 762170451EB6821300ADB8B4 /* Main.storyboard */; };
		762170491EB6821300ADB8B4 /* Assets.xcassets in Resources */ = {isa = PBXBuildFile; fileRef = 762170481EB6821300ADB8B4 /* Assets.xcassets */; };
		7621704C1EB6821300ADB8B4 /* LaunchScreen.storyboard in Resources */ = {isa = PBXBuildFile; fileRef = 7621704A1EB6821300ADB8B4 /* LaunchScreen.storyboard */; };
		762170571EB6821400ADB8B4 /* QuizTests.swift in Sources */ = {isa = PBXBuildFile; fileRef = 762170561EB6821400ADB8B4 /* QuizTests.swift */; };
		762170621EB6821400ADB8B4 /* QuizUITests.swift in Sources */ = {isa = PBXBuildFile; fileRef = 762170611EB6821400ADB8B4 /* QuizUITests.swift */; };
/* End PBXBuildFile section */

/* Begin PBXContainerItemProxy section */
		762170531EB6821400ADB8B4 /* PBXContainerItemProxy */ = {
			isa = PBXContainerItemProxy;
			containerPortal = 762170361EB6821300ADB8B4 /* Project object */;
			proxyType = 1;
			remoteGlobalIDString = 7621703D1EB6821300ADB8B4;
			remoteInfo = Quiz;
		};
		7621705E1EB6821400ADB8B4 /* PBXContainerItemProxy */ = {
			isa = PBXContainerItemProxy;
			containerPortal = 762170361EB6821300ADB8B4 /* Project object */;
			proxyType = 1;
			remoteGlobalIDString = 7621703D1EB6821300ADB8B4;
			remoteInfo = Quiz;
		};
/* End PBXContainerItemProxy section */

/* Begin PBXFileReference section */
		7621703E1EB6821300ADB8B4 /* Quiz.app */ = {isa = PBXFileReference; explicitFileType = wrapper.application; includeInIndex = 0; path = Quiz.app; sourceTree = BUILT_PRODUCTS_DIR; };
		762170411EB6821300ADB8B4 /* AppDelegate.swift */ = {isa = PBXFileReference; lastKnownFileType = sourcecode.swift; path = AppDelegate.swift; sourceTree = "<group>"; };
		762170431EB6821300ADB8B4 /* ViewController.swift */ = {isa = PBXFileReference; lastKnownFileType = sourcecode.swift; path = ViewController.swift; sourceTree = "<group>"; };
		762170461EB6821300ADB8B4 /* Base */ = {isa = PBXFileReference; lastKnownFileType = file.storyboard; name = Base; path = Base.lproj/Main.storyboard; sourceTree = "<group>"; };
		762170481EB6821300ADB8B4 /* Assets.xcassets */ = {isa = PBXFileReference; lastKnownFileType = folder.assetcatalog; path = Assets.xcassets; sourceTree = "<group>"; };
		7621704B1EB6821300ADB8B4 /* Base */ = {isa = PBXFileReference; lastKnownFileType = file.storyboard; name = Base; path = Base.lproj/LaunchScreen.storyboard; sourceTree = "<group>"; };
		7621704D1EB6821300ADB8B4 /* Info.plist */ = {isa = PBXFileReference; lastKnownFileType = text.plist.xml; path = Info.plist; sourceTree = "<group>"; };
		762170521EB6821400ADB8B4 /* QuizTests.xctest */ = {isa = PBXFileReference; explicitFileType = wrapper.cfbundle; includeInIndex = 0; path = QuizTests.xctest; sourceTree = BUILT_PRODUCTS_DIR; };
		762170561EB6821400ADB8B4 /* QuizTests.swift */ = {isa = PBXFileReference; lastKnownFileType = sourcecode.swift; path = QuizTests.swift; sourceTree = "<group>"; };
		762170581EB6821400ADB8B4 /* Info.plist */ = {isa = PBXFileReference; lastKnownFileType = text.plist.xml; path = Info.plist; sourceTree = "<group>"; };
		7621705D1EB6821400ADB8B4 /* QuizUITests.xctest */ = {isa = PBXFileReference; explicitFileType = wrapper.cfbundle; includeInIndex = 0; path = QuizUITests.xctest; sourceTree = BUILT_PRODUCTS_DIR; };
		762170611EB6821400ADB8B4 /* QuizUITests.swift */ = {isa = PBXFileReference; lastKnownFileType = sourcecode.swift; path = QuizUITests.swift; sourceTree = "<group>"; };
		762170631EB6821400ADB8B4 /* Info.plist */ = {isa = PBXFileReference; lastKnownFileType = text.plist.xml; path = Info.plist; sourceTree = "<group>"; };
/* End PBXFileReference section */

/* Begin PBXFrameworksBuildPhase section */
		7621703B1EB6821300ADB8B4 /* Frameworks */ = {
			isa = PBXFrameworksBuildPhase;
			buildActionMask = 2147483647;
			files = (
			);
			runOnlyForDeploymentPostprocessing = 0;
		};
		7621704F1EB6821400ADB8B4 /* Frameworks */ = {
			isa = PBXFrameworksBuildPhase;
			buildActionMask = 2147483647;
			files = (
			);
			runOnlyForDeploymentPostprocessing = 0;
		};
		7621705A1EB6821400ADB8B4 /* Frameworks */ = {
			isa = PBXFrameworksBuildPhase;
			buildActionMask = 2147483647;
			files = (
			);
			runOnlyForDeploymentPostprocessing = 0;
		};
/* End PBXFrameworksBuildPhase section */

/* Begin PBXGroup section */
		762170351EB6821300ADB8B4 = {
			isa = PBXGroup;
			children = (
				762170401EB6821300ADB8B4 /* Quiz */,
				762170551EB6821400ADB8B4 /* QuizTests */,
				762170601EB6821400ADB8B4 /* QuizUITests */,
				7621703F1EB6821300ADB8B4 /* Products */,
			);
			sourceTree = "<group>";
		};
		7621703F1EB6821300ADB8B4 /* Products */ = {
			isa = PBXGroup;
			children = (
				7621703E1EB6821300ADB8B4 /* Quiz.app */,
				762170521EB6821400ADB8B4 /* QuizTests.xctest */,
				7621705D1EB6821400ADB8B4 /* QuizUITests.xctest */,
			);
			name = Products;
			sourceTree = "<group>";
		};
		762170401EB6821300ADB8B4 /* Quiz */ = {
			isa = PBXGroup;
			children = (
				762170411EB6821300ADB8B4 /* AppDelegate.swift */,
				762170431EB6821300ADB8B4 /* ViewController.swift */,
				762170451EB6821300ADB8B4 /* Main.storyboard */,
				762170481EB6821300ADB8B4 /* Assets.xcassets */,
				7621704A1EB6821300ADB8B4 /* LaunchScreen.storyboard */,
				7621704D1EB6821300ADB8B4 /* Info.plist */,
			);
			path = Quiz;
			sourceTree = "<group>";
		};
		762170551EB6821400ADB8B4 /* QuizTests */ = {
			isa = PBXGroup;
			children = (
				762170561EB6821400ADB8B4 /* QuizTests.swift */,
				762170581EB6821400ADB8B4 /* Info.plist */,
			);
			path = QuizTests;
			sourceTree = "<group>";
		};
		762170601EB6821400ADB8B4 /* QuizUITests */ = {
			isa = PBXGroup;
			children = (
				762170611EB6821400ADB8B4 /* QuizUITests.swift */,
				762170631EB6821400ADB8B4 /* Info.plist */,
			);
			path = QuizUITests;
			sourceTree = "<group>";
		};
/* End PBXGroup section */

/* Begin PBXNativeTarget section */
		7621703D1EB6821300ADB8B4 /* Quiz */ = {
			isa = PBXNativeTarget;
			buildConfigurationList = 762170661EB6821400ADB8B4 /* Build configuration list for PBXNativeTarget "Quiz" */;
			buildPhases = (
				7621703A1EB6821300ADB8B4 /* Sources */,
				7621703B1EB6821300ADB8B4 /* Frameworks */,
				7621703C1EB6821300ADB8B4 /* Resources */,
			);
			buildRules = (
			);
			dependencies = (
			);
			name = Quiz;
			productName = Quiz;
			productReference = 7621703E1EB6821300ADB8B4 /* Quiz.app */;
			productType = "com.apple.product-type.application";
		};
		762170511EB6821400ADB8B4 /* QuizTests */ = {
			isa = PBXNativeTarget;
			buildConfigurationList = 762170691EB6821400ADB8B4 /* Build configuration list for PBXNativeTarget "QuizTests" */;
			buildPhases = (
				7621704E1EB6821400ADB8B4 /* Sources */,
				7621704F1EB6821400ADB8B4 /* Frameworks */,
				762170501EB6821400ADB8B4 /* Resources */,
			);
			buildRules = (
			);
			dependencies = (
				762170541EB6821400ADB8B4 /* PBXTargetDependency */,
			);
			name = QuizTests;
			productName = QuizTests;
			productReference = 762170521EB6821400ADB8B4 /* QuizTests.xctest */;
			productType = "com.apple.product-type.bundle.unit-test";
		};
		7621705C1EB6821400ADB8B4 /* QuizUITests */ = {
			isa = PBXNativeTarget;
			buildConfigurationList = 7621706C1EB6821400ADB8B4 /* Build configuration list for PBXNativeTarget "QuizUITests" */;
			buildPhases = (
				762170591EB6821400ADB8B4 /* Sources */,
				7621705A1EB6821400ADB8B4 /* Frameworks */,
				7621705B1EB6821400ADB8B4 /* Resources */,
			);
			buildRules = (
			);
			dependencies = (
				7621705F1EB6821400ADB8B4 /* PBXTargetDependency */,
			);
			name = QuizUITests;
			productName = QuizUITests;
			productReference = 7621705D1EB6821400ADB8B4 /* QuizUITests.xctest */;
			productType = "com.apple.product-type.bundle.ui-testing";
		};
/* End PBXNativeTarget section */

/* Begin PBXProject section */
		762170361EB6821300ADB8B4 /* Project object */ = {
			isa = PBXProject;
			attributes = {
				LastSwiftUpdateCheck = 0830;
				LastUpgradeCheck = 0830;
				ORGANIZATIONNAME = "Zack Falgout";
				TargetAttributes = {
					7621703D1EB6821300ADB8B4 = {
						CreatedOnToolsVersion = 8.3.2;
						ProvisioningStyle = Automatic;
					};
					762170511EB6821400ADB8B4 = {
						CreatedOnToolsVersion = 8.3.2;
						ProvisioningStyle = Automatic;
						TestTargetID = 7621703D1EB6821300ADB8B4;
					};
					7621705C1EB6821400ADB8B4 = {
						CreatedOnToolsVersion = 8.3.2;
						ProvisioningStyle = Automatic;
						TestTargetID = 7621703D1EB6821300ADB8B4;
					};
				};
			};
			buildConfigurationList = 762170391EB6821300ADB8B4 /* Build configuration list for PBXProject "Quiz" */;
			compatibilityVersion = "Xcode 3.2";
			developmentRegion = English;
			hasScannedForEncodings = 0;
			knownRegions = (
				en,
				Base,
			);
			mainGroup = 762170351EB6821300ADB8B4;
			productRefGroup = 7621703F1EB6821300ADB8B4 /* Products */;
			projectDirPath = "";
			projectRoot = "";
			targets = (
				7621703D1EB6821300ADB8B4 /* Quiz */,
				762170511EB6821400ADB8B4 /* QuizTests */,
				7621705C1EB6821400ADB8B4 /* QuizUITests */,
			);
		};
/* End PBXProject section */

/* Begin PBXResourcesBuildPhase section */
		7621703C1EB6821300ADB8B4 /* Resources */ = {
			isa = PBXResourcesBuildPhase;
			buildActionMask = 2147483647;
			files = (
				7621704C1EB6821300ADB8B4 /* LaunchScreen.storyboard in Resources */,
				762170491EB6821300ADB8B4 /* Assets.xcassets in Resources */,
				762170471EB6821300ADB8B4 /* Main.storyboard in Resources */,
			);
			runOnlyForDeploymentPostprocessing = 0;
		};
		762170501EB6821400ADB8B4 /* Resources */ = {
			isa = PBXResourcesBuildPhase;
			buildActionMask = 2147483647;
			files = (
			);
			runOnlyForDeploymentPostprocessing = 0;
		};
		7621705B1EB6821400ADB8B4 /* Resources */ = {
			isa = PBXResourcesBuildPhase;
			buildActionMask = 2147483647;
			files = (
			);
			runOnlyForDeploymentPostprocessing = 0;
		};
/* End PBXResourcesBuildPhase section */

/* Begin PBXSourcesBuildPhase section */
		7621703A1EB6821300ADB8B4 /* Sources */ = {
			isa = PBXSourcesBuildPhase;
			buildActionMask = 2147483647;
			files = (
				762170441EB6821300ADB8B4 /* ViewController.swift in Sources */,
				762170421EB6821300ADB8B4 /* AppDelegate.swift in Sources */,
			);
			runOnlyForDeploymentPostprocessing = 0;
		};
		7621704E1EB6821400ADB8B4 /* Sources */ = {
			isa = PBXSourcesBuildPhase;
			buildActionMask = 2147483647;
			files = (
				762170571EB6821400ADB8B4 /* QuizTests.swift in Sources */,
			);
			runOnlyForDeploymentPostprocessing = 0;
		};
		762170591EB6821400ADB8B4 /* Sources */ = {
			isa = PBXSourcesBuildPhase;
			buildActionMask = 2147483647;
			files = (
				762170621EB6821400ADB8B4 /* QuizUITests.swift in Sources */,
			);
			runOnlyForDeploymentPostprocessing = 0;
		};
/* End PBXSourcesBuildPhase section */

/* Begin PBXTargetDependency section */
		762170541EB6821400ADB8B4 /* PBXTargetDependency */ = {
			isa = PBXTargetDependency;
			target = 7621703D1EB6821300ADB8B4 /* Quiz */;
			targetProxy = 762170531EB6821400ADB8B4 /* PBXContainerItemProxy */;
		};
		7621705F1EB6821400ADB8B4 /* PBXTargetDependency */ = {
			isa = PBXTargetDependency;
			target = 7621703D1EB6821300ADB8B4 /* Quiz */;
			targetProxy = 7621705E1EB6821400ADB8B4 /* PBXContainerItemProxy */;
		};
/* End PBXTargetDependency section */

/* Begin PBXVariantGroup section */
		762170451EB6821300ADB8B4 /* Main.storyboard */ = {
			isa = PBXVariantGroup;
			children = (
				762170461EB6821300ADB8B4 /* Base */,
			);
			name = Main.storyboard;
			sourceTree = "<group>";
		};
		7621704A1EB6821300ADB8B4 /* LaunchScreen.storyboard */ = {
			isa = PBXVariantGroup;
			children = (
				7621704B1EB6821300ADB8B4 /* Base */,
			);
			name = LaunchScreen.storyboard;
			sourceTree = "<group>";
		};
/* End PBXVariantGroup section */

/* Begin XCBuildConfiguration section */
		762170641EB6821400ADB8B4 /* Debug */ = {
			isa = XCBuildConfiguration;
			buildSettings = {
				ALWAYS_SEARCH_USER_PATHS = NO;
				CLANG_ANALYZER_NONNULL = YES;
				CLANG_ANALYZER_NUMBER_OBJECT_CONVERSION = YES_AGGRESSIVE;
				CLANG_CXX_LANGUAGE_STANDARD = "gnu++0x";
				CLANG_CXX_LIBRARY = "libc++";
				CLANG_ENABLE_MODULES = YES;
				CLANG_ENABLE_OBJC_ARC = YES;
				CLANG_WARN_BOOL_CONVERSION = YES;
				CLANG_WARN_CONSTANT_CONVERSION = YES;
				CLANG_WARN_DIRECT_OBJC_ISA_USAGE = YES_ERROR;
				CLANG_WARN_DOCUMENTATION_COMMENTS = YES;
				CLANG_WARN_EMPTY_BODY = YES;
				CLANG_WARN_ENUM_CONVERSION = YES;
				CLANG_WARN_INFINITE_RECURSION = YES;
				CLANG_WARN_INT_CONVERSION = YES;
				CLANG_WARN_OBJC_ROOT_CLASS = YES_ERROR;
				CLANG_WARN_SUSPICIOUS_MOVE = YES;
				CLANG_WARN_UNREACHABLE_CODE = YES;
				CLANG_WARN__DUPLICATE_METHOD_MATCH = YES;
				"CODE_SIGN_IDENTITY[sdk=iphoneos*]" = "iPhone Developer";
				COPY_PHASE_STRIP = NO;
				DEBUG_INFORMATION_FORMAT = dwarf;
				ENABLE_STRICT_OBJC_MSGSEND = YES;
				ENABLE_TESTABILITY = YES;
				GCC_C_LANGUAGE_STANDARD = gnu99;
				GCC_DYNAMIC_NO_PIC = NO;
				GCC_NO_COMMON_BLOCKS = YES;
				GCC_OPTIMIZATION_LEVEL = 0;
				GCC_PREPROCESSOR_DEFINITIONS = (
					"DEBUG=1",
					"$(inherited)",
				);
				GCC_WARN_64_TO_32_BIT_CONVERSION = YES;
				GCC_WARN_ABOUT_RETURN_TYPE = YES_ERROR;
				GCC_WARN_UNDECLARED_SELECTOR = YES;
				GCC_WARN_UNINITIALIZED_AUTOS = YES_AGGRESSIVE;
				GCC_WARN_UNUSED_FUNCTION = YES;
				GCC_WARN_UNUSED_VARIABLE = YES;
				IPHONEOS_DEPLOYMENT_TARGET = 10.3;
				MTL_ENABLE_DEBUG_INFO = YES;
				ONLY_ACTIVE_ARCH = YES;
				SDKROOT = iphoneos;
				SWIFT_ACTIVE_COMPILATION_CONDITIONS = DEBUG;
				SWIFT_OPTIMIZATION_LEVEL = "-Onone";
				TARGETED_DEVICE_FAMILY = "1,2";
			};
			name = Debug;
		};
		762170651EB6821400ADB8B4 /* Release */ = {
			isa = XCBuildConfiguration;
			buildSettings = {
				ALWAYS_SEARCH_USER_PATHS = NO;
				CLANG_ANALYZER_NONNULL = YES;
				CLANG_ANALYZER_NUMBER_OBJECT_CONVERSION = YES_AGGRESSIVE;
				CLANG_CXX_LANGUAGE_STANDARD = "gnu++0x";
				CLANG_CXX_LIBRARY = "libc++";
				CLANG_ENABLE_MODULES = YES;
				CLANG_ENABLE_OBJC_ARC = YES;
				CLANG_WARN_BOOL_CONVERSION = YES;
				CLANG_WARN_CONSTANT_CONVERSION = YES;
				CLANG_WARN_DIRECT_OBJC_ISA_USAGE = YES_ERROR;
				CLANG_WARN_DOCUMENTATION_COMMENTS = YES;
				CLANG_WARN_EMPTY_BODY = YES;
				CLANG_WARN_ENUM_CONVERSION = YES;
				CLANG_WARN_INFINITE_RECURSION = YES;
				CLANG_WARN_INT_CONVERSION = YES;
				CLANG_WARN_OBJC_ROOT_CLASS = YES_ERROR;
				CLANG_WARN_SUSPICIOUS_MOVE = YES;
				CLANG_WARN_UNREACHABLE_CODE = YES;
				CLANG_WARN__DUPLICATE_METHOD_MATCH = YES;
				"CODE_SIGN_IDENTITY[sdk=iphoneos*]" = "iPhone Developer";
				COPY_PHASE_STRIP = NO;
				DEBUG_INFORMATION_FORMAT = "dwarf-with-dsym";
				ENABLE_NS_ASSERTIONS = NO;
				ENABLE_STRICT_OBJC_MSGSEND = YES;
				GCC_C_LANGUAGE_STANDARD = gnu99;
				GCC_NO_COMMON_BLOCKS = YES;
				GCC_WARN_64_TO_32_BIT_CONVERSION = YES;
				GCC_WARN_ABOUT_RETURN_TYPE = YES_ERROR;
				GCC_WARN_UNDECLARED_SELECTOR = YES;
				GCC_WARN_UNINITIALIZED_AUTOS = YES_AGGRESSIVE;
				GCC_WARN_UNUSED_FUNCTION = YES;
				GCC_WARN_UNUSED_VARIABLE = YES;
				IPHONEOS_DEPLOYMENT_TARGET = 10.3;
				MTL_ENABLE_DEBUG_INFO = NO;
				SDKROOT = iphoneos;
				SWIFT_OPTIMIZATION_LEVEL = "-Owholemodule";
				TARGETED_DEVICE_FAMILY = "1,2";
				VALIDATE_PRODUCT = YES;
			};
			name = Release;
		};
		762170671EB6821400ADB8B4 /* Debug */ = {
			isa = XCBuildConfiguration;
			buildSettings = {
				ASSETCATALOG_COMPILER_APPICON_NAME = AppIcon;
				INFOPLIST_FILE = Quiz/Info.plist;
				LD_RUNPATH_SEARCH_PATHS = "$(inherited) @executable_path/Frameworks";
				PRODUCT_BUNDLE_IDENTIFIER = com.cyberpenghuin.Quiz;
				PRODUCT_NAME = "$(TARGET_NAME)";
				SWIFT_VERSION = 3.0;
			};
			name = Debug;
		};
		762170681EB6821400ADB8B4 /* Release */ = {
			isa = XCBuildConfiguration;
			buildSettings = {
				ASSETCATALOG_COMPILER_APPICON_NAME = AppIcon;
				INFOPLIST_FILE = Quiz/Info.plist;
				LD_RUNPATH_SEARCH_PATHS = "$(inherited) @executable_path/Frameworks";
				PRODUCT_BUNDLE_IDENTIFIER = com.cyberpenghuin.Quiz;
				PRODUCT_NAME = "$(TARGET_NAME)";
				SWIFT_VERSION = 3.0;
			};
			name = Release;
		};
		7621706A1EB6821400ADB8B4 /* Debug */ = {
			isa = XCBuildConfiguration;
			buildSettings = {
				ALWAYS_EMBED_SWIFT_STANDARD_LIBRARIES = YES;
				BUNDLE_LOADER = "$(TEST_HOST)";
				INFOPLIST_FILE = QuizTests/Info.plist;
				LD_RUNPATH_SEARCH_PATHS = "$(inherited) @executable_path/Frameworks @loader_path/Frameworks";
				PRODUCT_BUNDLE_IDENTIFIER = com.cyberpenghuin.QuizTests;
				PRODUCT_NAME = "$(TARGET_NAME)";
				SWIFT_VERSION = 3.0;
				TEST_HOST = "$(BUILT_PRODUCTS_DIR)/Quiz.app/Quiz";
			};
			name = Debug;
		};
		7621706B1EB6821400ADB8B4 /* Release */ = {
			isa = XCBuildConfiguration;
			buildSettings = {
				ALWAYS_EMBED_SWIFT_STANDARD_LIBRARIES = YES;
				BUNDLE_LOADER = "$(TEST_HOST)";
				INFOPLIST_FILE = QuizTests/Info.plist;
				LD_RUNPATH_SEARCH_PATHS = "$(inherited) @executable_path/Frameworks @loader_path/Frameworks";
				PRODUCT_BUNDLE_IDENTIFIER = com.cyberpenghuin.QuizTests;
				PRODUCT_NAME = "$(TARGET_NAME)";
				SWIFT_VERSION = 3.0;
				TEST_HOST = "$(BUILT_PRODUCTS_DIR)/Quiz.app/Quiz";
			};
			name = Release;
		};
		7621706D1EB6821400ADB8B4 /* Debug */ = {
			isa = XCBuildConfiguration;
			buildSettings = {
				ALWAYS_EMBED_SWIFT_STANDARD_LIBRARIES = YES;
				INFOPLIST_FILE = QuizUITests/Info.plist;
				LD_RUNPATH_SEARCH_PATHS = "$(inherited) @executable_path/Frameworks @loader_path/Frameworks";
				PRODUCT_BUNDLE_IDENTIFIER = com.cyberpenghuin.QuizUITests;
				PRODUCT_NAME = "$(TARGET_NAME)";
				SWIFT_VERSION = 3.0;
				TEST_TARGET_NAME = Quiz;
			};
			name = Debug;
		};
		7621706E1EB6821400ADB8B4 /* Release */ = {
			isa = XCBuildConfiguration;
			buildSettings = {
				ALWAYS_EMBED_SWIFT_STANDARD_LIBRARIES = YES;
				INFOPLIST_FILE = QuizUITests/Info.plist;
				LD_RUNPATH_SEARCH_PATHS = "$(inherited) @executable_path/Frameworks @loader_path/Frameworks";
				PRODUCT_BUNDLE_IDENTIFIER = com.cyberpenghuin.QuizUITests;
				PRODUCT_NAME = "$(TARGET_NAME)";
				SWIFT_VERSION = 3.0;
				TEST_TARGET_NAME = Quiz;
			};
			name = Release;
		};
/* End XCBuildConfiguration section */

/* Begin XCConfigurationList section */
		762170391EB6821300ADB8B4 /* Build configuration list for PBXProject "Quiz" */ = {
			isa = XCConfigurationList;
			buildConfigurations = (
				762170641EB6821400ADB8B4 /* Debug */,
				762170651EB6821400ADB8B4 /* Release */,
			);
			defaultConfigurationIsVisible = 0;
			defaultConfigurationName = Release;
		};
		762170661EB6821400ADB8B4 /* Build configuration list for PBXNativeTarget "Quiz" */ = {
			isa = XCConfigurationList;
			buildConfigurations = (
				762170671EB6821400ADB8B4 /* Debug */,
				762170681EB6821400ADB8B4 /* Release */,
			);
			defaultConfigurationIsVisible = 0;
		};
		762170691EB6821400ADB8B4 /* Build configuration list for PBXNativeTarget "QuizTests" */ = {
			isa = XCConfigurationList;
			buildConfigurations = (
				7621706A1EB6821400ADB8B4 /* Debug */,
				7621706B1EB6821400ADB8B4 /* Release */,
			);
			defaultConfigurationIsVisible = 0;
		};
		7621706C1EB6821400ADB8B4 /* Build configuration list for PBXNativeTarget "QuizUITests" */ = {
			isa = XCConfigurationList;
			buildConfigurations = (
				7621706D1EB6821400ADB8B4 /* Debug */,
				7621706E1EB6821400ADB8B4 /* Release */,
			);
			defaultConfigurationIsVisible = 0;
		};
/* End XCConfigurationList section */
	};
	rootObject = 762170361EB6821300ADB8B4 /* Project object */;
}
